
Microsoft Visual Studio Solution File, Format Version 12.00
# Visual Studio Version 17
VisualStudioVersion = 17.0.32112.339
MinimumVisualStudioVersion = 10.0.40219.1
Project("{FAE04EC0-301F-11D3-BF4B-00C04F79EFBC}") = "VisualGrep", "VisualGrep\VisualGrep.csproj", "{3D47AC82-E5D6-443C-9AAB-30F1A0FD8E5E}"
EndProject
Global
	GlobalSection(SolutionConfigurationPlatforms) = preSolution
		Debug|Any CPU = Debug|Any CPU
		Release|Any CPU = Release|Any CPU
	EndGlobalSection
	GlobalSection(ProjectConfigurationPlatforms) = postSolution
		{3D47AC82-E5D6-443C-9AAB-30F1A0FD8E5E}.Debug|Any CPU.ActiveCfg = Debug|Any CPU
		{3D47AC82-E5D6-443C-9AAB-30F1A0FD8E5E}.Debug|Any CPU.Build.0 = Debug|Any CPU
		{3D47AC82-E5D6-443C-9AAB-30F1A0FD8E5E}.Release|Any CPU.ActiveCfg = Release|Any CPU
		{3D47AC82-E5D6-443C-9AAB-30F1A0FD8E5E}.Release|Any CPU.Build.0 = Release|Any CPU
	EndGlobalSection
	GlobalSection(SolutionProperties) = preSolution
		HideSolutionNode = FALSE
	EndGlobalSection
	GlobalSection(ExtensibilityGlobals) = postSolution
		SolutionGuid = {2EFE3760-AA3F-4E71-B02E-06A3A62E9240}
	EndGlobalSection
EndGlobal
